// !$*UTF8*$!
{
	archiveVersion = 1;
	classes = {
	};
	objectVersion = 46;
	objects = {

/* Begin PBXBuildFile section */
		459F0BFB1E6DEDF00096E3A8 /* AppDelegate.swift in Sources */ = {isa = PBXBuildFile; fileRef = 459F0BFA1E6DEDF00096E3A8 /* AppDelegate.swift */; };
		459F0BFD1E6DEDF00096E3A8 /* ViewController.swift in Sources */ = {isa = PBXBuildFile; fileRef = 459F0BFC1E6DEDF00096E3A8 /* ViewController.swift */; };
		459F0BFF1E6DEDF00096E3A8 /* Document.swift in Sources */ = {isa = PBXBuildFile; fileRef = 459F0BFE1E6DEDF00096E3A8 /* Document.swift */; };
		459F0C011E6DEDF00096E3A8 /* Assets.xcassets in Resources */ = {isa = PBXBuildFile; fileRef = 459F0C001E6DEDF00096E3A8 /* Assets.xcassets */; };
		459F0C041E6DEDF00096E3A8 /* Main.storyboard in Resources */ = {isa = PBXBuildFile; fileRef = 459F0C021E6DEDF00096E3A8 /* Main.storyboard */; };
		459F0C1F1E6DEE600096E3A8 /* SourceKittenFramework.framework in Frameworks */ = {isa = PBXBuildFile; fileRef = 459F0C1C1E6DEE600096E3A8 /* SourceKittenFramework.framework */; };
		459F0C201E6DEE600096E3A8 /* SourceKittenFramework.framework in Embed Frameworks */ = {isa = PBXBuildFile; fileRef = 459F0C1C1E6DEE600096E3A8 /* SourceKittenFramework.framework */; settings = {ATTRIBUTES = (CodeSignOnCopy, RemoveHeadersOnCopy, ); }; };
		459F0C211E6DEE600096E3A8 /* SWXMLHash.framework in Frameworks */ = {isa = PBXBuildFile; fileRef = 459F0C1D1E6DEE600096E3A8 /* SWXMLHash.framework */; };
		459F0C221E6DEE600096E3A8 /* SWXMLHash.framework in Embed Frameworks */ = {isa = PBXBuildFile; fileRef = 459F0C1D1E6DEE600096E3A8 /* SWXMLHash.framework */; settings = {ATTRIBUTES = (CodeSignOnCopy, RemoveHeadersOnCopy, ); }; };
		459F0C231E6DEE600096E3A8 /* Yams.framework in Frameworks */ = {isa = PBXBuildFile; fileRef = 459F0C1E1E6DEE600096E3A8 /* Yams.framework */; };
		459F0C241E6DEE600096E3A8 /* Yams.framework in Embed Frameworks */ = {isa = PBXBuildFile; fileRef = 459F0C1E1E6DEE600096E3A8 /* Yams.framework */; settings = {ATTRIBUTES = (CodeSignOnCopy, RemoveHeadersOnCopy, ); }; };
		459F0C261E6DEE890096E3A8 /* Visualizer.swift in Sources */ = {isa = PBXBuildFile; fileRef = 459F0C251E6DEE890096E3A8 /* Visualizer.swift */; };
		459F0C2F1E6DEF000096E3A8 /* SwiftVisualizerTests.swift in Sources */ = {isa = PBXBuildFile; fileRef = 459F0C2E1E6DEF000096E3A8 /* SwiftVisualizerTests.swift */; };
		459F0C3E1E6DEF4C0096E3A8 /* SwiftVisualizerUITests.swift in Sources */ = {isa = PBXBuildFile; fileRef = 459F0C3D1E6DEF4C0096E3A8 /* SwiftVisualizerUITests.swift */; };
/* End PBXBuildFile section */

/* Begin PBXContainerItemProxy section */
		459F0C311E6DEF000096E3A8 /* PBXContainerItemProxy */ = {
			isa = PBXContainerItemProxy;
			containerPortal = 459F0BEF1E6DEDF00096E3A8 /* Project object */;
			proxyType = 1;
			remoteGlobalIDString = 459F0BF61E6DEDF00096E3A8;
			remoteInfo = SwiftVisualizer;
		};
		459F0C401E6DEF4C0096E3A8 /* PBXContainerItemProxy */ = {
			isa = PBXContainerItemProxy;
			containerPortal = 459F0BEF1E6DEDF00096E3A8 /* Project object */;
			proxyType = 1;
			remoteGlobalIDString = 459F0BF61E6DEDF00096E3A8;
			remoteInfo = SwiftVisualizer;
		};
/* End PBXContainerItemProxy section */

/* Begin PBXCopyFilesBuildPhase section */
		459F0C1B1E6DEE570096E3A8 /* Embed Frameworks */ = {
			isa = PBXCopyFilesBuildPhase;
			buildActionMask = 2147483647;
			dstPath = "";
			dstSubfolderSpec = 10;
			files = (
				459F0C241E6DEE600096E3A8 /* Yams.framework in Embed Frameworks */,
				459F0C221E6DEE600096E3A8 /* SWXMLHash.framework in Embed Frameworks */,
				459F0C201E6DEE600096E3A8 /* SourceKittenFramework.framework in Embed Frameworks */,
			);
			name = "Embed Frameworks";
			runOnlyForDeploymentPostprocessing = 0;
		};
/* End PBXCopyFilesBuildPhase section */

/* Begin PBXFileReference section */
		459F0BF71E6DEDF00096E3A8 /* SwiftVisualizer.app */ = {isa = PBXFileReference; explicitFileType = wrapper.application; includeInIndex = 0; path = SwiftVisualizer.app; sourceTree = BUILT_PRODUCTS_DIR; };
		459F0BFA1E6DEDF00096E3A8 /* AppDelegate.swift */ = {isa = PBXFileReference; lastKnownFileType = sourcecode.swift; path = AppDelegate.swift; sourceTree = "<group>"; };
		459F0BFC1E6DEDF00096E3A8 /* ViewController.swift */ = {isa = PBXFileReference; lastKnownFileType = sourcecode.swift; path = ViewController.swift; sourceTree = "<group>"; };
		459F0BFE1E6DEDF00096E3A8 /* Document.swift */ = {isa = PBXFileReference; lastKnownFileType = sourcecode.swift; path = Document.swift; sourceTree = "<group>"; };
		459F0C001E6DEDF00096E3A8 /* Assets.xcassets */ = {isa = PBXFileReference; lastKnownFileType = folder.assetcatalog; path = Assets.xcassets; sourceTree = "<group>"; };
		459F0C031E6DEDF00096E3A8 /* Base */ = {isa = PBXFileReference; lastKnownFileType = file.storyboard; name = Base; path = Base.lproj/Main.storyboard; sourceTree = "<group>"; };
		459F0C051E6DEDF00096E3A8 /* Info.plist */ = {isa = PBXFileReference; lastKnownFileType = text.plist.xml; path = Info.plist; sourceTree = "<group>"; };
		459F0C1C1E6DEE600096E3A8 /* SourceKittenFramework.framework */ = {isa = PBXFileReference; lastKnownFileType = wrapper.framework; name = SourceKittenFramework.framework; path = Carthage/Build/Mac/SourceKittenFramework.framework; sourceTree = "<group>"; };
		459F0C1D1E6DEE600096E3A8 /* SWXMLHash.framework */ = {isa = PBXFileReference; lastKnownFileType = wrapper.framework; name = SWXMLHash.framework; path = Carthage/Build/Mac/SWXMLHash.framework; sourceTree = "<group>"; };
		459F0C1E1E6DEE600096E3A8 /* Yams.framework */ = {isa = PBXFileReference; lastKnownFileType = wrapper.framework; name = Yams.framework; path = Carthage/Build/Mac/Yams.framework; sourceTree = "<group>"; };
		459F0C251E6DEE890096E3A8 /* Visualizer.swift */ = {isa = PBXFileReference; fileEncoding = 4; lastKnownFileType = sourcecode.swift; path = Visualizer.swift; sourceTree = "<group>"; };
		459F0C2C1E6DEF000096E3A8 /* SwiftVisualizerTests.xctest */ = {isa = PBXFileReference; explicitFileType = wrapper.cfbundle; includeInIndex = 0; path = SwiftVisualizerTests.xctest; sourceTree = BUILT_PRODUCTS_DIR; };
		459F0C2E1E6DEF000096E3A8 /* SwiftVisualizerTests.swift */ = {isa = PBXFileReference; lastKnownFileType = sourcecode.swift; path = SwiftVisualizerTests.swift; sourceTree = "<group>"; };
		459F0C301E6DEF000096E3A8 /* Info.plist */ = {isa = PBXFileReference; lastKnownFileType = text.plist.xml; path = Info.plist; sourceTree = "<group>"; };
		459F0C3B1E6DEF4C0096E3A8 /* SwiftVisualizerUITests.xctest */ = {isa = PBXFileReference; explicitFileType = wrapper.cfbundle; includeInIndex = 0; path = SwiftVisualizerUITests.xctest; sourceTree = BUILT_PRODUCTS_DIR; };
		459F0C3D1E6DEF4C0096E3A8 /* SwiftVisualizerUITests.swift */ = {isa = PBXFileReference; lastKnownFileType = sourcecode.swift; path = SwiftVisualizerUITests.swift; sourceTree = "<group>"; };
		459F0C3F1E6DEF4C0096E3A8 /* Info.plist */ = {isa = PBXFileReference; lastKnownFileType = text.plist.xml; path = Info.plist; sourceTree = "<group>"; };
/* End PBXFileReference section */

/* Begin PBXFrameworksBuildPhase section */
		459F0BF41E6DEDF00096E3A8 /* Frameworks */ = {
			isa = PBXFrameworksBuildPhase;
			buildActionMask = 2147483647;
			files = (
				459F0C231E6DEE600096E3A8 /* Yams.framework in Frameworks */,
				459F0C211E6DEE600096E3A8 /* SWXMLHash.framework in Frameworks */,
				459F0C1F1E6DEE600096E3A8 /* SourceKittenFramework.framework in Frameworks */,
			);
			runOnlyForDeploymentPostprocessing = 0;
		};
		459F0C291E6DEF000096E3A8 /* Frameworks */ = {
			isa = PBXFrameworksBuildPhase;
			buildActionMask = 2147483647;
			files = (
			);
			runOnlyForDeploymentPostprocessing = 0;
		};
		459F0C381E6DEF4C0096E3A8 /* Frameworks */ = {
			isa = PBXFrameworksBuildPhase;
			buildActionMask = 2147483647;
			files = (
			);
			runOnlyForDeploymentPostprocessing = 0;
		};
/* End PBXFrameworksBuildPhase section */

/* Begin PBXGroup section */
		459F0BEE1E6DEDF00096E3A8 = {
			isa = PBXGroup;
			children = (
				459F0BF91E6DEDF00096E3A8 /* Sources */,
				459F0C361E6DEF120096E3A8 /* Tests */,
				459F0BF81E6DEDF00096E3A8 /* Products */,
				459F0C0B1E6DEE3F0096E3A8 /* Frameworks */,
			);
			sourceTree = "<group>";
		};
		459F0BF81E6DEDF00096E3A8 /* Products */ = {
			isa = PBXGroup;
			children = (
				459F0BF71E6DEDF00096E3A8 /* SwiftVisualizer.app */,
				459F0C2C1E6DEF000096E3A8 /* SwiftVisualizerTests.xctest */,
				459F0C3B1E6DEF4C0096E3A8 /* SwiftVisualizerUITests.xctest */,
			);
			name = Products;
			sourceTree = "<group>";
		};
		459F0BF91E6DEDF00096E3A8 /* Sources */ = {
			isa = PBXGroup;
			children = (
				459F0BFA1E6DEDF00096E3A8 /* AppDelegate.swift */,
				459F0BFC1E6DEDF00096E3A8 /* ViewController.swift */,
				459F0C021E6DEDF00096E3A8 /* Main.storyboard */,
				459F0BFE1E6DEDF00096E3A8 /* Document.swift */,
				459F0C251E6DEE890096E3A8 /* Visualizer.swift */,
				459F0C271E6DEE930096E3A8 /* Supporting Files */,
			);
			path = Sources;
			sourceTree = "<group>";
		};
		459F0C0B1E6DEE3F0096E3A8 /* Frameworks */ = {
			isa = PBXGroup;
			children = (
				459F0C1C1E6DEE600096E3A8 /* SourceKittenFramework.framework */,
				459F0C1D1E6DEE600096E3A8 /* SWXMLHash.framework */,
				459F0C1E1E6DEE600096E3A8 /* Yams.framework */,
			);
			name = Frameworks;
			sourceTree = "<group>";
		};
		459F0C271E6DEE930096E3A8 /* Supporting Files */ = {
			isa = PBXGroup;
			children = (
				459F0C001E6DEDF00096E3A8 /* Assets.xcassets */,
				459F0C051E6DEDF00096E3A8 /* Info.plist */,
			);
			name = "Supporting Files";
			sourceTree = "<group>";
		};
		459F0C2D1E6DEF000096E3A8 /* SwiftVisualizerTests */ = {
			isa = PBXGroup;
			children = (
				459F0C2E1E6DEF000096E3A8 /* SwiftVisualizerTests.swift */,
				459F0C301E6DEF000096E3A8 /* Info.plist */,
			);
			path = SwiftVisualizerTests;
			sourceTree = "<group>";
		};
		459F0C361E6DEF120096E3A8 /* Tests */ = {
			isa = PBXGroup;
			children = (
				459F0C2D1E6DEF000096E3A8 /* SwiftVisualizerTests */,
				459F0C3C1E6DEF4C0096E3A8 /* SwiftVisualizerUITests */,
			);
			path = Tests;
			sourceTree = "<group>";
		};
		459F0C3C1E6DEF4C0096E3A8 /* SwiftVisualizerUITests */ = {
			isa = PBXGroup;
			children = (
				459F0C3D1E6DEF4C0096E3A8 /* SwiftVisualizerUITests.swift */,
				459F0C3F1E6DEF4C0096E3A8 /* Info.plist */,
			);
			path = SwiftVisualizerUITests;
			sourceTree = "<group>";
		};
/* End PBXGroup section */

/* Begin PBXNativeTarget section */
		459F0BF61E6DEDF00096E3A8 /* SwiftVisualizer */ = {
			isa = PBXNativeTarget;
			buildConfigurationList = 459F0C081E6DEDF00096E3A8 /* Build configuration list for PBXNativeTarget "SwiftVisualizer" */;
			buildPhases = (
				459F0BF31E6DEDF00096E3A8 /* Sources */,
				459F0BF41E6DEDF00096E3A8 /* Frameworks */,
				459F0BF51E6DEDF00096E3A8 /* Resources */,
				459F0C1B1E6DEE570096E3A8 /* Embed Frameworks */,
			);
			buildRules = (
			);
			dependencies = (
			);
			name = SwiftVisualizer;
			productName = SwiftVisualizer;
			productReference = 459F0BF71E6DEDF00096E3A8 /* SwiftVisualizer.app */;
			productType = "com.apple.product-type.application";
		};
		459F0C2B1E6DEF000096E3A8 /* SwiftVisualizerTests */ = {
			isa = PBXNativeTarget;
			buildConfigurationList = 459F0C331E6DEF000096E3A8 /* Build configuration list for PBXNativeTarget "SwiftVisualizerTests" */;
			buildPhases = (
				459F0C281E6DEF000096E3A8 /* Sources */,
				459F0C291E6DEF000096E3A8 /* Frameworks */,
				459F0C2A1E6DEF000096E3A8 /* Resources */,
			);
			buildRules = (
			);
			dependencies = (
				459F0C321E6DEF000096E3A8 /* PBXTargetDependency */,
			);
			name = SwiftVisualizerTests;
			productName = SwiftVisualizerTests;
			productReference = 459F0C2C1E6DEF000096E3A8 /* SwiftVisualizerTests.xctest */;
			productType = "com.apple.product-type.bundle.unit-test";
		};
		459F0C3A1E6DEF4C0096E3A8 /* SwiftVisualizerUITests */ = {
			isa = PBXNativeTarget;
			buildConfigurationList = 459F0C421E6DEF4C0096E3A8 /* Build configuration list for PBXNativeTarget "SwiftVisualizerUITests" */;
			buildPhases = (
				459F0C371E6DEF4C0096E3A8 /* Sources */,
				459F0C381E6DEF4C0096E3A8 /* Frameworks */,
				459F0C391E6DEF4C0096E3A8 /* Resources */,
			);
			buildRules = (
			);
			dependencies = (
				459F0C411E6DEF4C0096E3A8 /* PBXTargetDependency */,
			);
			name = SwiftVisualizerUITests;
			productName = SwiftVisualizerUITests;
			productReference = 459F0C3B1E6DEF4C0096E3A8 /* SwiftVisualizerUITests.xctest */;
			productType = "com.apple.product-type.bundle.ui-testing";
		};
/* End PBXNativeTarget section */

/* Begin PBXProject section */
		459F0BEF1E6DEDF00096E3A8 /* Project object */ = {
			isa = PBXProject;
			attributes = {
				LastSwiftUpdateCheck = 0820;
				LastUpgradeCheck = 0820;
				ORGANIZATIONNAME = "Søren Mortensen";
				TargetAttributes = {
					459F0BF61E6DEDF00096E3A8 = {
						CreatedOnToolsVersion = 8.2.1;
						DevelopmentTeam = 7JBHCK475F;
						ProvisioningStyle = Automatic;
					};
					459F0C2B1E6DEF000096E3A8 = {
						CreatedOnToolsVersion = 8.2.1;
						ProvisioningStyle = Automatic;
						TestTargetID = 459F0BF61E6DEDF00096E3A8;
					};
					459F0C3A1E6DEF4C0096E3A8 = {
						CreatedOnToolsVersion = 8.2.1;
						ProvisioningStyle = Automatic;
						TestTargetID = 459F0BF61E6DEDF00096E3A8;
					};
				};
			};
			buildConfigurationList = 459F0BF21E6DEDF00096E3A8 /* Build configuration list for PBXProject "SwiftVisualizer" */;
			compatibilityVersion = "Xcode 3.2";
			developmentRegion = English;
			hasScannedForEncodings = 0;
			knownRegions = (
				en,
				Base,
			);
			mainGroup = 459F0BEE1E6DEDF00096E3A8;
			productRefGroup = 459F0BF81E6DEDF00096E3A8 /* Products */;
			projectDirPath = "";
			projectRoot = "";
			targets = (
				459F0BF61E6DEDF00096E3A8 /* SwiftVisualizer */,
				459F0C2B1E6DEF000096E3A8 /* SwiftVisualizerTests */,
				459F0C3A1E6DEF4C0096E3A8 /* SwiftVisualizerUITests */,
			);
		};
/* End PBXProject section */

/* Begin PBXResourcesBuildPhase section */
		459F0BF51E6DEDF00096E3A8 /* Resources */ = {
			isa = PBXResourcesBuildPhase;
			buildActionMask = 2147483647;
			files = (
				459F0C011E6DEDF00096E3A8 /* Assets.xcassets in Resources */,
				459F0C041E6DEDF00096E3A8 /* Main.storyboard in Resources */,
			);
			runOnlyForDeploymentPostprocessing = 0;
		};
		459F0C2A1E6DEF000096E3A8 /* Resources */ = {
			isa = PBXResourcesBuildPhase;
			buildActionMask = 2147483647;
			files = (
			);
			runOnlyForDeploymentPostprocessing = 0;
		};
		459F0C391E6DEF4C0096E3A8 /* Resources */ = {
			isa = PBXResourcesBuildPhase;
			buildActionMask = 2147483647;
			files = (
			);
			runOnlyForDeploymentPostprocessing = 0;
		};
/* End PBXResourcesBuildPhase section */

/* Begin PBXSourcesBuildPhase section */
		459F0BF31E6DEDF00096E3A8 /* Sources */ = {
			isa = PBXSourcesBuildPhase;
			buildActionMask = 2147483647;
			files = (
				459F0BFD1E6DEDF00096E3A8 /* ViewController.swift in Sources */,
				459F0C261E6DEE890096E3A8 /* Visualizer.swift in Sources */,
				459F0BFB1E6DEDF00096E3A8 /* AppDelegate.swift in Sources */,
				459F0BFF1E6DEDF00096E3A8 /* Document.swift in Sources */,
			);
			runOnlyForDeploymentPostprocessing = 0;
		};
		459F0C281E6DEF000096E3A8 /* Sources */ = {
			isa = PBXSourcesBuildPhase;
			buildActionMask = 2147483647;
			files = (
				459F0C2F1E6DEF000096E3A8 /* SwiftVisualizerTests.swift in Sources */,
			);
			runOnlyForDeploymentPostprocessing = 0;
		};
		459F0C371E6DEF4C0096E3A8 /* Sources */ = {
			isa = PBXSourcesBuildPhase;
			buildActionMask = 2147483647;
			files = (
				459F0C3E1E6DEF4C0096E3A8 /* SwiftVisualizerUITests.swift in Sources */,
			);
			runOnlyForDeploymentPostprocessing = 0;
		};
/* End PBXSourcesBuildPhase section */

/* Begin PBXTargetDependency section */
		459F0C321E6DEF000096E3A8 /* PBXTargetDependency */ = {
			isa = PBXTargetDependency;
			target = 459F0BF61E6DEDF00096E3A8 /* SwiftVisualizer */;
			targetProxy = 459F0C311E6DEF000096E3A8 /* PBXContainerItemProxy */;
		};
		459F0C411E6DEF4C0096E3A8 /* PBXTargetDependency */ = {
			isa = PBXTargetDependency;
			target = 459F0BF61E6DEDF00096E3A8 /* SwiftVisualizer */;
			targetProxy = 459F0C401E6DEF4C0096E3A8 /* PBXContainerItemProxy */;
		};
/* End PBXTargetDependency section */

/* Begin PBXVariantGroup section */
		459F0C021E6DEDF00096E3A8 /* Main.storyboard */ = {
			isa = PBXVariantGroup;
			children = (
				459F0C031E6DEDF00096E3A8 /* Base */,
			);
			name = Main.storyboard;
			sourceTree = "<group>";
		};
/* End PBXVariantGroup section */

/* Begin XCBuildConfiguration section */
		459F0C061E6DEDF00096E3A8 /* Debug */ = {
			isa = XCBuildConfiguration;
			buildSettings = {
				ALWAYS_SEARCH_USER_PATHS = NO;
				CLANG_ANALYZER_NONNULL = YES;
				CLANG_CXX_LANGUAGE_STANDARD = "gnu++0x";
				CLANG_CXX_LIBRARY = "libc++";
				CLANG_ENABLE_MODULES = YES;
				CLANG_ENABLE_OBJC_ARC = YES;
				CLANG_WARN_BOOL_CONVERSION = YES;
				CLANG_WARN_CONSTANT_CONVERSION = YES;
				CLANG_WARN_DIRECT_OBJC_ISA_USAGE = YES_ERROR;
				CLANG_WARN_DOCUMENTATION_COMMENTS = YES;
				CLANG_WARN_EMPTY_BODY = YES;
				CLANG_WARN_ENUM_CONVERSION = YES;
				CLANG_WARN_INFINITE_RECURSION = YES;
				CLANG_WARN_INT_CONVERSION = YES;
				CLANG_WARN_OBJC_ROOT_CLASS = YES_ERROR;
				CLANG_WARN_SUSPICIOUS_MOVE = YES;
				CLANG_WARN_UNREACHABLE_CODE = YES;
				CLANG_WARN__DUPLICATE_METHOD_MATCH = YES;
				CODE_SIGN_IDENTITY = "-";
				COPY_PHASE_STRIP = NO;
				DEBUG_INFORMATION_FORMAT = dwarf;
				ENABLE_STRICT_OBJC_MSGSEND = YES;
				ENABLE_TESTABILITY = YES;
				GCC_C_LANGUAGE_STANDARD = gnu99;
				GCC_DYNAMIC_NO_PIC = NO;
				GCC_NO_COMMON_BLOCKS = YES;
				GCC_OPTIMIZATION_LEVEL = 0;
				GCC_PREPROCESSOR_DEFINITIONS = (
					"DEBUG=1",
					"$(inherited)",
				);
				GCC_WARN_64_TO_32_BIT_CONVERSION = YES;
				GCC_WARN_ABOUT_RETURN_TYPE = YES_ERROR;
				GCC_WARN_UNDECLARED_SELECTOR = YES;
				GCC_WARN_UNINITIALIZED_AUTOS = YES_AGGRESSIVE;
				GCC_WARN_UNUSED_FUNCTION = YES;
				GCC_WARN_UNUSED_VARIABLE = YES;
				MACOSX_DEPLOYMENT_TARGET = 10.10;
				MTL_ENABLE_DEBUG_INFO = YES;
				ONLY_ACTIVE_ARCH = YES;
				SDKROOT = macosx;
				SWIFT_ACTIVE_COMPILATION_CONDITIONS = DEBUG;
				SWIFT_OPTIMIZATION_LEVEL = "-Onone";
			};
			name = Debug;
		};
		459F0C071E6DEDF00096E3A8 /* Release */ = {
			isa = XCBuildConfiguration;
			buildSettings = {
				ALWAYS_SEARCH_USER_PATHS = NO;
				CLANG_ANALYZER_NONNULL = YES;
				CLANG_CXX_LANGUAGE_STANDARD = "gnu++0x";
				CLANG_CXX_LIBRARY = "libc++";
				CLANG_ENABLE_MODULES = YES;
				CLANG_ENABLE_OBJC_ARC = YES;
				CLANG_WARN_BOOL_CONVERSION = YES;
				CLANG_WARN_CONSTANT_CONVERSION = YES;
				CLANG_WARN_DIRECT_OBJC_ISA_USAGE = YES_ERROR;
				CLANG_WARN_DOCUMENTATION_COMMENTS = YES;
				CLANG_WARN_EMPTY_BODY = YES;
				CLANG_WARN_ENUM_CONVERSION = YES;
				CLANG_WARN_INFINITE_RECURSION = YES;
				CLANG_WARN_INT_CONVERSION = YES;
				CLANG_WARN_OBJC_ROOT_CLASS = YES_ERROR;
				CLANG_WARN_SUSPICIOUS_MOVE = YES;
				CLANG_WARN_UNREACHABLE_CODE = YES;
				CLANG_WARN__DUPLICATE_METHOD_MATCH = YES;
				CODE_SIGN_IDENTITY = "-";
				COPY_PHASE_STRIP = NO;
				DEBUG_INFORMATION_FORMAT = "dwarf-with-dsym";
				ENABLE_NS_ASSERTIONS = NO;
				ENABLE_STRICT_OBJC_MSGSEND = YES;
				GCC_C_LANGUAGE_STANDARD = gnu99;
				GCC_NO_COMMON_BLOCKS = YES;
				GCC_WARN_64_TO_32_BIT_CONVERSION = YES;
				GCC_WARN_ABOUT_RETURN_TYPE = YES_ERROR;
				GCC_WARN_UNDECLARED_SELECTOR = YES;
				GCC_WARN_UNINITIALIZED_AUTOS = YES_AGGRESSIVE;
				GCC_WARN_UNUSED_FUNCTION = YES;
				GCC_WARN_UNUSED_VARIABLE = YES;
				MACOSX_DEPLOYMENT_TARGET = 10.10;
				MTL_ENABLE_DEBUG_INFO = NO;
				SDKROOT = macosx;
				SWIFT_OPTIMIZATION_LEVEL = "-Owholemodule";
			};
			name = Release;
		};
		459F0C091E6DEDF00096E3A8 /* Debug */ = {
			isa = XCBuildConfiguration;
			buildSettings = {
				ASSETCATALOG_COMPILER_APPICON_NAME = AppIcon;
				COMBINE_HIDPI_IMAGES = YES;
				DEVELOPMENT_TEAM = 7JBHCK475F;
				FRAMEWORK_SEARCH_PATHS = (
					"$(inherited)",
					"$(PROJECT_DIR)/Carthage/Build/Mac",
				);
				INFOPLIST_FILE = "$(SRCROOT)/Sources/Info.plist";
				LD_RUNPATH_SEARCH_PATHS = "$(inherited) @executable_path/../Frameworks";
				PRODUCT_BUNDLE_IDENTIFIER = com.sorenmortensen.SwiftVisualizer;
				PRODUCT_NAME = "$(TARGET_NAME)";
				SWIFT_VERSION = 3.0;
			};
			name = Debug;
		};
		459F0C0A1E6DEDF00096E3A8 /* Release */ = {
			isa = XCBuildConfiguration;
			buildSettings = {
				ASSETCATALOG_COMPILER_APPICON_NAME = AppIcon;
				COMBINE_HIDPI_IMAGES = YES;
				DEVELOPMENT_TEAM = 7JBHCK475F;
				FRAMEWORK_SEARCH_PATHS = (
					"$(inherited)",
					"$(PROJECT_DIR)/Carthage/Build/Mac",
				);
				INFOPLIST_FILE = "$(SRCROOT)/Sources/Info.plist";
				LD_RUNPATH_SEARCH_PATHS = "$(inherited) @executable_path/../Frameworks";
				PRODUCT_BUNDLE_IDENTIFIER = com.sorenmortensen.SwiftVisualizer;
				PRODUCT_NAME = "$(TARGET_NAME)";
				SWIFT_VERSION = 3.0;
			};
			name = Release;
		};
		459F0C341E6DEF000096E3A8 /* Debug */ = {
			isa = XCBuildConfiguration;
			buildSettings = {
				BUNDLE_LOADER = "$(TEST_HOST)";
				COMBINE_HIDPI_IMAGES = YES;
				INFOPLIST_FILE = Tests/SwiftVisualizerTests/Info.plist;
				LD_RUNPATH_SEARCH_PATHS = "$(inherited) @executable_path/../Frameworks @loader_path/../Frameworks";
				MACOSX_DEPLOYMENT_TARGET = 10.12;
				PRODUCT_BUNDLE_IDENTIFIER = com.sorenmortensen.SwiftVisualizerTests;
				PRODUCT_NAME = "$(TARGET_NAME)";
				SWIFT_VERSION = 3.0;
				TEST_HOST = "$(BUILT_PRODUCTS_DIR)/SwiftVisualizer.app/Contents/MacOS/SwiftVisualizer";
			};
			name = Debug;
		};
		459F0C351E6DEF000096E3A8 /* Release */ = {
			isa = XCBuildConfiguration;
			buildSettings = {
				BUNDLE_LOADER = "$(TEST_HOST)";
				COMBINE_HIDPI_IMAGES = YES;
				INFOPLIST_FILE = Tests/SwiftVisualizerTests/Info.plist;
				LD_RUNPATH_SEARCH_PATHS = "$(inherited) @executable_path/../Frameworks @loader_path/../Frameworks";
				MACOSX_DEPLOYMENT_TARGET = 10.12;
				PRODUCT_BUNDLE_IDENTIFIER = com.sorenmortensen.SwiftVisualizerTests;
				PRODUCT_NAME = "$(TARGET_NAME)";
				SWIFT_VERSION = 3.0;
				TEST_HOST = "$(BUILT_PRODUCTS_DIR)/SwiftVisualizer.app/Contents/MacOS/SwiftVisualizer";
			};
			name = Release;
		};
		459F0C431E6DEF4C0096E3A8 /* Debug */ = {
			isa = XCBuildConfiguration;
			buildSettings = {
				COMBINE_HIDPI_IMAGES = YES;
				INFOPLIST_FILE = Tests/SwiftVisualizerUITests/Info.plist;
				LD_RUNPATH_SEARCH_PATHS = "$(inherited) @executable_path/../Frameworks @loader_path/../Frameworks";
				MACOSX_DEPLOYMENT_TARGET = 10.12;
				PRODUCT_BUNDLE_IDENTIFIER = com.sorenmortensen.SwiftVisualizerUITests;
				PRODUCT_NAME = "$(TARGET_NAME)";
				SWIFT_VERSION = 3.0;
				TEST_TARGET_NAME = SwiftVisualizer;
			};
			name = Debug;
		};
		459F0C441E6DEF4C0096E3A8 /* Release */ = {
			isa = XCBuildConfiguration;
			buildSettings = {
				COMBINE_HIDPI_IMAGES = YES;
				INFOPLIST_FILE = Tests/SwiftVisualizerUITests/Info.plist;
				LD_RUNPATH_SEARCH_PATHS = "$(inherited) @executable_path/../Frameworks @loader_path/../Frameworks";
				MACOSX_DEPLOYMENT_TARGET = 10.12;
				PRODUCT_BUNDLE_IDENTIFIER = com.sorenmortensen.SwiftVisualizerUITests;
				PRODUCT_NAME = "$(TARGET_NAME)";
				SWIFT_VERSION = 3.0;
				TEST_TARGET_NAME = SwiftVisualizer;
			};
			name = Release;
		};
/* End XCBuildConfiguration section */

/* Begin XCConfigurationList section */
		459F0BF21E6DEDF00096E3A8 /* Build configuration list for PBXProject "SwiftVisualizer" */ = {
			isa = XCConfigurationList;
			buildConfigurations = (
				459F0C061E6DEDF00096E3A8 /* Debug */,
				459F0C071E6DEDF00096E3A8 /* Release */,
			);
			defaultConfigurationIsVisible = 0;
			defaultConfigurationName = Release;
		};
		459F0C081E6DEDF00096E3A8 /* Build configuration list for PBXNativeTarget "SwiftVisualizer" */ = {
			isa = XCConfigurationList;
			buildConfigurations = (
				459F0C091E6DEDF00096E3A8 /* Debug */,
				459F0C0A1E6DEDF00096E3A8 /* Release */,
			);
			defaultConfigurationIsVisible = 0;
			defaultConfigurationName = Release;
		};
		459F0C331E6DEF000096E3A8 /* Build configuration list for PBXNativeTarget "SwiftVisualizerTests" */ = {
			isa = XCConfigurationList;
			buildConfigurations = (
				459F0C341E6DEF000096E3A8 /* Debug */,
				459F0C351E6DEF000096E3A8 /* Release */,
			);
			defaultConfigurationIsVisible = 0;
		};
		459F0C421E6DEF4C0096E3A8 /* Build configuration list for PBXNativeTarget "SwiftVisualizerUITests" */ = {
			isa = XCConfigurationList;
			buildConfigurations = (
				459F0C431E6DEF4C0096E3A8 /* Debug */,
				459F0C441E6DEF4C0096E3A8 /* Release */,
			);
			defaultConfigurationIsVisible = 0;
		};
/* End XCConfigurationList section */
	};
	rootObject = 459F0BEF1E6DEDF00096E3A8 /* Project object */;
}
