// !$*UTF8*$!
{
	archiveVersion = 1;
	classes = {
	};
	objectVersion = 46;
	objects = {

/* Begin PBXBuildFile section */
		4530651E1E696E59008CBE16 /* SourceKittenFramework.framework in Frameworks */ = {isa = PBXBuildFile; fileRef = 4530651D1E696E59008CBE16 /* SourceKittenFramework.framework */; };
		453065291E699CA8008CBE16 /* SourceKittenFramework.framework.dSYM in Copy Debug Symbols */ = {isa = PBXBuildFile; fileRef = 453065261E699CA8008CBE16 /* SourceKittenFramework.framework.dSYM */; };
		4530652A1E699CA8008CBE16 /* SWXMLHash.framework.dSYM in Copy Debug Symbols */ = {isa = PBXBuildFile; fileRef = 453065271E699CA8008CBE16 /* SWXMLHash.framework.dSYM */; };
		4530652B1E699CA8008CBE16 /* Yams.framework.dSYM in Copy Debug Symbols */ = {isa = PBXBuildFile; fileRef = 453065281E699CA8008CBE16 /* Yams.framework.dSYM */; };
		4530652F1E699CF9008CBE16 /* SWXMLHash.framework in Frameworks */ = {isa = PBXBuildFile; fileRef = 4530652D1E699CF9008CBE16 /* SWXMLHash.framework */; };
		453065301E699CF9008CBE16 /* Yams.framework in Frameworks */ = {isa = PBXBuildFile; fileRef = 4530652E1E699CF9008CBE16 /* Yams.framework */; };
		OBJ_20 /* SwiftVisualizer.swift in Sources */ = {isa = PBXBuildFile; fileRef = OBJ_8 /* SwiftVisualizer.swift */; };
		OBJ_27 /* SwiftVisualizerFrameworkTests.swift in Sources */ = {isa = PBXBuildFile; fileRef = OBJ_11 /* SwiftVisualizerFrameworkTests.swift */; };
		OBJ_29 /* SwiftVisualizerFramework.framework in Frameworks */ = {isa = PBXBuildFile; fileRef = OBJ_13 /* SwiftVisualizerFramework.framework */; };
/* End PBXBuildFile section */

/* Begin PBXContainerItemProxy section */
		451F03371E68E0C40064FFF3 /* PBXContainerItemProxy */ = {
			isa = PBXContainerItemProxy;
			containerPortal = OBJ_1 /* Project object */;
			proxyType = 1;
			remoteGlobalIDString = OBJ_15;
			remoteInfo = SwiftVisualizerFramework;
		};
/* End PBXContainerItemProxy section */

/* Begin PBXCopyFilesBuildPhase section */
		4530651F1E699C70008CBE16 /* Copy Debug Symbols */ = {
			isa = PBXCopyFilesBuildPhase;
			buildActionMask = 2147483647;
			dstPath = "";
			dstSubfolderSpec = 16;
			files = (
				453065291E699CA8008CBE16 /* SourceKittenFramework.framework.dSYM in Copy Debug Symbols */,
				4530652A1E699CA8008CBE16 /* SWXMLHash.framework.dSYM in Copy Debug Symbols */,
				4530652B1E699CA8008CBE16 /* Yams.framework.dSYM in Copy Debug Symbols */,
			);
			name = "Copy Debug Symbols";
			runOnlyForDeploymentPostprocessing = 0;
		};
/* End PBXCopyFilesBuildPhase section */

/* Begin PBXFileReference section */
		4530651D1E696E59008CBE16 /* SourceKittenFramework.framework */ = {isa = PBXFileReference; lastKnownFileType = wrapper.framework; name = SourceKittenFramework.framework; path = Carthage/Build/Mac/SourceKittenFramework.framework; sourceTree = "<group>"; };
		453065261E699CA8008CBE16 /* SourceKittenFramework.framework.dSYM */ = {isa = PBXFileReference; lastKnownFileType = wrapper.dsym; name = SourceKittenFramework.framework.dSYM; path = Carthage/Build/Mac/SourceKittenFramework.framework.dSYM; sourceTree = "<group>"; };
		453065271E699CA8008CBE16 /* SWXMLHash.framework.dSYM */ = {isa = PBXFileReference; lastKnownFileType = wrapper.dsym; name = SWXMLHash.framework.dSYM; path = Carthage/Build/Mac/SWXMLHash.framework.dSYM; sourceTree = "<group>"; };
		453065281E699CA8008CBE16 /* Yams.framework.dSYM */ = {isa = PBXFileReference; lastKnownFileType = wrapper.dsym; name = Yams.framework.dSYM; path = Carthage/Build/Mac/Yams.framework.dSYM; sourceTree = "<group>"; };
		4530652D1E699CF9008CBE16 /* SWXMLHash.framework */ = {isa = PBXFileReference; lastKnownFileType = wrapper.framework; name = SWXMLHash.framework; path = Carthage/Build/Mac/SWXMLHash.framework; sourceTree = "<group>"; };
		4530652E1E699CF9008CBE16 /* Yams.framework */ = {isa = PBXFileReference; lastKnownFileType = wrapper.framework; name = Yams.framework; path = Carthage/Build/Mac/Yams.framework; sourceTree = "<group>"; };
		OBJ_11 /* SwiftVisualizerFrameworkTests.swift */ = {isa = PBXFileReference; lastKnownFileType = sourcecode.swift; path = SwiftVisualizerFrameworkTests.swift; sourceTree = "<group>"; };
		OBJ_13 /* SwiftVisualizerFramework.framework */ = {isa = PBXFileReference; explicitFileType = wrapper.framework; path = SwiftVisualizerFramework.framework; sourceTree = BUILT_PRODUCTS_DIR; };
		OBJ_14 /* SwiftVisualizerFrameworkTests.xctest */ = {isa = PBXFileReference; lastKnownFileType = file; path = SwiftVisualizerFrameworkTests.xctest; sourceTree = BUILT_PRODUCTS_DIR; };
		OBJ_6 /* Package.swift */ = {isa = PBXFileReference; explicitFileType = sourcecode.swift; path = Package.swift; sourceTree = "<group>"; };
		OBJ_8 /* SwiftVisualizer.swift */ = {isa = PBXFileReference; lastKnownFileType = sourcecode.swift; path = SwiftVisualizer.swift; sourceTree = "<group>"; };
/* End PBXFileReference section */

/* Begin PBXFrameworksBuildPhase section */
		OBJ_21 /* Frameworks */ = {
			isa = PBXFrameworksBuildPhase;
			buildActionMask = 0;
			files = (
				4530651E1E696E59008CBE16 /* SourceKittenFramework.framework in Frameworks */,
				4530652F1E699CF9008CBE16 /* SWXMLHash.framework in Frameworks */,
				453065301E699CF9008CBE16 /* Yams.framework in Frameworks */,
			);
			runOnlyForDeploymentPostprocessing = 0;
		};
		OBJ_28 /* Frameworks */ = {
			isa = PBXFrameworksBuildPhase;
			buildActionMask = 0;
			files = (
				OBJ_29 /* SwiftVisualizerFramework.framework in Frameworks */,
			);
			runOnlyForDeploymentPostprocessing = 0;
		};
/* End PBXFrameworksBuildPhase section */

/* Begin PBXGroup section */
		4530651C1E696E59008CBE16 /* Frameworks */ = {
			isa = PBXGroup;
			children = (
				4530652D1E699CF9008CBE16 /* SWXMLHash.framework */,
				4530652E1E699CF9008CBE16 /* Yams.framework */,
				4530651D1E696E59008CBE16 /* SourceKittenFramework.framework */,
			);
			name = Frameworks;
			sourceTree = "<group>";
		};
		4530652C1E699CBC008CBE16 /* Debug Symbols */ = {
			isa = PBXGroup;
			children = (
				453065261E699CA8008CBE16 /* SourceKittenFramework.framework.dSYM */,
				453065271E699CA8008CBE16 /* SWXMLHash.framework.dSYM */,
				453065281E699CA8008CBE16 /* Yams.framework.dSYM */,
			);
			name = "Debug Symbols";
			sourceTree = "<group>";
		};
		OBJ_10 /* SwiftVisualizerFrameworkTests */ = {
			isa = PBXGroup;
			children = (
				OBJ_11 /* SwiftVisualizerFrameworkTests.swift */,
			);
			name = SwiftVisualizerFrameworkTests;
			path = Tests/SwiftVisualizerFrameworkTests;
			sourceTree = SOURCE_ROOT;
		};
		OBJ_12 /* Products */ = {
			isa = PBXGroup;
			children = (
				OBJ_13 /* SwiftVisualizerFramework.framework */,
				OBJ_14 /* SwiftVisualizerFrameworkTests.xctest */,
			);
			name = Products;
			sourceTree = BUILT_PRODUCTS_DIR;
		};
		OBJ_5 = {
			isa = PBXGroup;
			children = (
				OBJ_6 /* Package.swift */,
				OBJ_7 /* Sources */,
				OBJ_9 /* Tests */,
				OBJ_12 /* Products */,
				4530651C1E696E59008CBE16 /* Frameworks */,
				4530652C1E699CBC008CBE16 /* Debug Symbols */,
			);
			sourceTree = "<group>";
		};
		OBJ_7 /* Sources */ = {
			isa = PBXGroup;
			children = (
				OBJ_8 /* SwiftVisualizer.swift */,
			);
			path = Sources;
			sourceTree = SOURCE_ROOT;
		};
		OBJ_9 /* Tests */ = {
			isa = PBXGroup;
			children = (
				OBJ_10 /* SwiftVisualizerFrameworkTests */,
			);
			name = Tests;
			sourceTree = SOURCE_ROOT;
		};
/* End PBXGroup section */

/* Begin PBXNativeTarget section */
		OBJ_15 /* SwiftVisualizerFramework */ = {
			isa = PBXNativeTarget;
			buildConfigurationList = OBJ_16 /* Build configuration list for PBXNativeTarget "SwiftVisualizerFramework" */;
			buildPhases = (
				OBJ_19 /* Sources */,
				OBJ_21 /* Frameworks */,
				4530651F1E699C70008CBE16 /* Copy Debug Symbols */,
			);
			buildRules = (
			);
			dependencies = (
			);
			name = SwiftVisualizerFramework;
			productName = SwiftVisualizerFramework;
			productReference = OBJ_13 /* SwiftVisualizerFramework.framework */;
			productType = "com.apple.product-type.framework";
		};
		OBJ_22 /* SwiftVisualizerFrameworkTests */ = {
			isa = PBXNativeTarget;
			buildConfigurationList = OBJ_23 /* Build configuration list for PBXNativeTarget "SwiftVisualizerFrameworkTests" */;
			buildPhases = (
				OBJ_26 /* Sources */,
				OBJ_28 /* Frameworks */,
			);
			buildRules = (
			);
			dependencies = (
				OBJ_30 /* PBXTargetDependency */,
			);
			name = SwiftVisualizerFrameworkTests;
			productName = SwiftVisualizerFrameworkTests;
			productReference = OBJ_14 /* SwiftVisualizerFrameworkTests.xctest */;
			productType = "com.apple.product-type.bundle.unit-test";
		};
/* End PBXNativeTarget section */

/* Begin PBXProject section */
		OBJ_1 /* Project object */ = {
			isa = PBXProject;
			attributes = {
				LastUpgradeCheck = 9999;
			};
			buildConfigurationList = OBJ_2 /* Build configuration list for PBXProject "SwiftVisualizerFramework" */;
			compatibilityVersion = "Xcode 3.2";
			developmentRegion = English;
			hasScannedForEncodings = 0;
			knownRegions = (
				en,
			);
			mainGroup = OBJ_5;
			productRefGroup = OBJ_12 /* Products */;
			projectDirPath = "";
			projectRoot = "";
			targets = (
				OBJ_15 /* SwiftVisualizerFramework */,
				OBJ_22 /* SwiftVisualizerFrameworkTests */,
			);
		};
/* End PBXProject section */

/* Begin PBXSourcesBuildPhase section */
		OBJ_19 /* Sources */ = {
			isa = PBXSourcesBuildPhase;
			buildActionMask = 0;
			files = (
				OBJ_20 /* SwiftVisualizer.swift in Sources */,
			);
			runOnlyForDeploymentPostprocessing = 0;
		};
		OBJ_26 /* Sources */ = {
			isa = PBXSourcesBuildPhase;
			buildActionMask = 0;
			files = (
				OBJ_27 /* SwiftVisualizerFrameworkTests.swift in Sources */,
			);
			runOnlyForDeploymentPostprocessing = 0;
		};
/* End PBXSourcesBuildPhase section */

/* Begin PBXTargetDependency section */
		OBJ_30 /* PBXTargetDependency */ = {
			isa = PBXTargetDependency;
			target = OBJ_15 /* SwiftVisualizerFramework */;
			targetProxy = 451F03371E68E0C40064FFF3 /* PBXContainerItemProxy */;
		};
/* End PBXTargetDependency section */

/* Begin XCBuildConfiguration section */
		OBJ_17 /* Debug */ = {
			isa = XCBuildConfiguration;
			buildSettings = {
				ENABLE_TESTABILITY = YES;
				FRAMEWORK_SEARCH_PATHS = (
					"$(inherited)",
					"$(PLATFORM_DIR)/Developer/Library/Frameworks",
					"$(PROJECT_DIR)/Carthage/Build/Mac",
				);
				HEADER_SEARCH_PATHS = "$(inherited)";
				INFOPLIST_FILE = SwiftVisualizerFramework.xcodeproj/SwiftVisualizerFramework_Info.plist;
				LD_RUNPATH_SEARCH_PATHS = "$(TOOLCHAIN_DIR)/usr/lib/swift/macosx";
				OTHER_LDFLAGS = "$(inherited)";
				OTHER_SWIFT_FLAGS = "$(inherited)";
				PRODUCT_BUNDLE_IDENTIFIER = SwiftVisualizerFramework;
				PRODUCT_MODULE_NAME = "$(TARGET_NAME:c99extidentifier)";
				PRODUCT_NAME = "$(TARGET_NAME:c99extidentifier)";
				SKIP_INSTALL = YES;
				TARGET_NAME = SwiftVisualizerFramework;
			};
			name = Debug;
		};
		OBJ_18 /* Release */ = {
			isa = XCBuildConfiguration;
			buildSettings = {
				ENABLE_TESTABILITY = YES;
				FRAMEWORK_SEARCH_PATHS = (
					"$(inherited)",
					"$(PLATFORM_DIR)/Developer/Library/Frameworks",
					"$(PROJECT_DIR)/Carthage/Build/Mac",
				);
				HEADER_SEARCH_PATHS = "$(inherited)";
				INFOPLIST_FILE = SwiftVisualizerFramework.xcodeproj/SwiftVisualizerFramework_Info.plist;
				LD_RUNPATH_SEARCH_PATHS = "$(TOOLCHAIN_DIR)/usr/lib/swift/macosx";
				OTHER_LDFLAGS = "$(inherited)";
				OTHER_SWIFT_FLAGS = "$(inherited)";
				PRODUCT_BUNDLE_IDENTIFIER = SwiftVisualizerFramework;
				PRODUCT_MODULE_NAME = "$(TARGET_NAME:c99extidentifier)";
				PRODUCT_NAME = "$(TARGET_NAME:c99extidentifier)";
				SKIP_INSTALL = YES;
				TARGET_NAME = SwiftVisualizerFramework;
			};
			name = Release;
		};
		OBJ_24 /* Debug */ = {
			isa = XCBuildConfiguration;
			buildSettings = {
				EMBEDDED_CONTENT_CONTAINS_SWIFT = YES;
				FRAMEWORK_SEARCH_PATHS = (
					"$(inherited)",
					"$(PLATFORM_DIR)/Developer/Library/Frameworks",
				);
				HEADER_SEARCH_PATHS = "$(inherited)";
				INFOPLIST_FILE = SwiftVisualizerFramework.xcodeproj/SwiftVisualizerFrameworkTests_Info.plist;
				LD_RUNPATH_SEARCH_PATHS = "@loader_path/../Frameworks";
				OTHER_LDFLAGS = "$(inherited)";
				OTHER_SWIFT_FLAGS = "$(inherited)";
				TARGET_NAME = SwiftVisualizerFrameworkTests;
			};
			name = Debug;
		};
		OBJ_25 /* Release */ = {
			isa = XCBuildConfiguration;
			buildSettings = {
				EMBEDDED_CONTENT_CONTAINS_SWIFT = YES;
				FRAMEWORK_SEARCH_PATHS = (
					"$(inherited)",
					"$(PLATFORM_DIR)/Developer/Library/Frameworks",
				);
				HEADER_SEARCH_PATHS = "$(inherited)";
				INFOPLIST_FILE = SwiftVisualizerFramework.xcodeproj/SwiftVisualizerFrameworkTests_Info.plist;
				LD_RUNPATH_SEARCH_PATHS = "@loader_path/../Frameworks";
				OTHER_LDFLAGS = "$(inherited)";
				OTHER_SWIFT_FLAGS = "$(inherited)";
				TARGET_NAME = SwiftVisualizerFrameworkTests;
			};
			name = Release;
		};
		OBJ_3 /* Debug */ = {
			isa = XCBuildConfiguration;
			buildSettings = {
				CLANG_ENABLE_OBJC_ARC = YES;
				COMBINE_HIDPI_IMAGES = YES;
				COPY_PHASE_STRIP = NO;
				DEBUG_INFORMATION_FORMAT = dwarf;
				DYLIB_INSTALL_NAME_BASE = "@rpath";
				ENABLE_NS_ASSERTIONS = YES;
				GCC_OPTIMIZATION_LEVEL = 0;
				MACOSX_DEPLOYMENT_TARGET = 10.10;
				ONLY_ACTIVE_ARCH = YES;
				OTHER_SWIFT_FLAGS = "-DXcode";
				PRODUCT_NAME = "$(TARGET_NAME)";
				SDKROOT = macosx;
				SUPPORTED_PLATFORMS = macosx;
				SWIFT_ACTIVE_COMPILATION_CONDITIONS = SWIFT_PACKAGE;
				SWIFT_OPTIMIZATION_LEVEL = "-Onone";
				SWIFT_VERSION = 3.0;
				USE_HEADERMAP = NO;
			};
			name = Debug;
		};
		OBJ_4 /* Release */ = {
			isa = XCBuildConfiguration;
			buildSettings = {
				CLANG_ENABLE_OBJC_ARC = YES;
				COMBINE_HIDPI_IMAGES = YES;
				COPY_PHASE_STRIP = YES;
				DEBUG_INFORMATION_FORMAT = "dwarf-with-dsym";
				DYLIB_INSTALL_NAME_BASE = "@rpath";
				GCC_OPTIMIZATION_LEVEL = s;
				MACOSX_DEPLOYMENT_TARGET = 10.10;
				OTHER_SWIFT_FLAGS = "-DXcode";
				PRODUCT_NAME = "$(TARGET_NAME)";
				SDKROOT = macosx;
				SUPPORTED_PLATFORMS = macosx;
				SWIFT_ACTIVE_COMPILATION_CONDITIONS = SWIFT_PACKAGE;
				SWIFT_OPTIMIZATION_LEVEL = "-Owholemodule";
				SWIFT_VERSION = 3.0;
				USE_HEADERMAP = NO;
			};
			name = Release;
		};
/* End XCBuildConfiguration section */

/* Begin XCConfigurationList section */
		OBJ_16 /* Build configuration list for PBXNativeTarget "SwiftVisualizerFramework" */ = {
			isa = XCConfigurationList;
			buildConfigurations = (
				OBJ_17 /* Debug */,
				OBJ_18 /* Release */,
			);
			defaultConfigurationIsVisible = 0;
			defaultConfigurationName = Debug;
		};
		OBJ_2 /* Build configuration list for PBXProject "SwiftVisualizerFramework" */ = {
			isa = XCConfigurationList;
			buildConfigurations = (
				OBJ_3 /* Debug */,
				OBJ_4 /* Release */,
			);
			defaultConfigurationIsVisible = 0;
			defaultConfigurationName = Debug;
		};
		OBJ_23 /* Build configuration list for PBXNativeTarget "SwiftVisualizerFrameworkTests" */ = {
			isa = XCConfigurationList;
			buildConfigurations = (
				OBJ_24 /* Debug */,
				OBJ_25 /* Release */,
			);
			defaultConfigurationIsVisible = 0;
			defaultConfigurationName = Debug;
		};
/* End XCConfigurationList section */
	};
	rootObject = OBJ_1 /* Project object */;
}
